// !$*UTF8*$!
{
	archiveVersion = 1;
	classes = {
	};
	objectVersion = 54;
	objects = {

/* Begin PBXBuildFile section */
		890F40E22B810FFE000ACE3E /* Chapter06App.swift in Sources */ = {isa = PBXBuildFile; fileRef = 890F40E12B810FFE000ACE3E /* Chapter06App.swift */; };
		DA51532A23AB84DD000BBEC7 /* TimerView.swift in Sources */ = {isa = PBXBuildFile; fileRef = DA51532923AB84DD000BBEC7 /* TimerView.swift */; };
		DA51532C23AB859F000BBEC7 /* AnimatedView.swift in Sources */ = {isa = PBXBuildFile; fileRef = DA51532B23AB859F000BBEC7 /* AnimatedView.swift */; };
		DA51532E23AB8855000BBEC7 /* Jiggle.swift in Sources */ = {isa = PBXBuildFile; fileRef = DA51532D23AB8855000BBEC7 /* Jiggle.swift */; };
		DA51533023AB8905000BBEC7 /* MarchingAnts.swift in Sources */ = {isa = PBXBuildFile; fileRef = DA51532F23AB8905000BBEC7 /* MarchingAnts.swift */; };
		DA51533223AB8A0E000BBEC7 /* MarchingAnts02.swift in Sources */ = {isa = PBXBuildFile; fileRef = DA51533123AB8A0E000BBEC7 /* MarchingAnts02.swift */; };
		DA51533423AB8B3B000BBEC7 /* PathGraphic.swift in Sources */ = {isa = PBXBuildFile; fileRef = DA51533323AB8B3B000BBEC7 /* PathGraphic.swift */; };
		DA762CBB23A90A5E004E25EF /* ContentView.swift in Sources */ = {isa = PBXBuildFile; fileRef = DA762CBA23A90A5E004E25EF /* ContentView.swift */; };
		DA762CBD23A90A62004E25EF /* Assets.xcassets in Resources */ = {isa = PBXBuildFile; fileRef = DA762CBC23A90A62004E25EF /* Assets.xcassets */; };
		DA762CC023A90A62004E25EF /* Preview Assets.xcassets in Resources */ = {isa = PBXBuildFile; fileRef = DA762CBF23A90A62004E25EF /* Preview Assets.xcassets */; };
/* End PBXBuildFile section */

/* Begin PBXFileReference section */
		890F40E12B810FFE000ACE3E /* Chapter06App.swift */ = {isa = PBXFileReference; lastKnownFileType = sourcecode.swift; path = Chapter06App.swift; sourceTree = "<group>"; };
		DA51532923AB84DD000BBEC7 /* TimerView.swift */ = {isa = PBXFileReference; lastKnownFileType = sourcecode.swift; path = TimerView.swift; sourceTree = "<group>"; };
		DA51532B23AB859F000BBEC7 /* AnimatedView.swift */ = {isa = PBXFileReference; lastKnownFileType = sourcecode.swift; path = AnimatedView.swift; sourceTree = "<group>"; };
		DA51532D23AB8855000BBEC7 /* Jiggle.swift */ = {isa = PBXFileReference; lastKnownFileType = sourcecode.swift; path = Jiggle.swift; sourceTree = "<group>"; };
		DA51532F23AB8905000BBEC7 /* MarchingAnts.swift */ = {isa = PBXFileReference; lastKnownFileType = sourcecode.swift; path = MarchingAnts.swift; sourceTree = "<group>"; };
		DA51533123AB8A0E000BBEC7 /* MarchingAnts02.swift */ = {isa = PBXFileReference; lastKnownFileType = sourcecode.swift; path = MarchingAnts02.swift; sourceTree = "<group>"; };
		DA51533323AB8B3B000BBEC7 /* PathGraphic.swift */ = {isa = PBXFileReference; lastKnownFileType = sourcecode.swift; path = PathGraphic.swift; sourceTree = "<group>"; };
		DA762CB323A90A5E004E25EF /* Chapter06.app */ = {isa = PBXFileReference; explicitFileType = wrapper.application; includeInIndex = 0; path = Chapter06.app; sourceTree = BUILT_PRODUCTS_DIR; };
		DA762CBA23A90A5E004E25EF /* ContentView.swift */ = {isa = PBXFileReference; lastKnownFileType = sourcecode.swift; path = ContentView.swift; sourceTree = "<group>"; };
		DA762CBC23A90A62004E25EF /* Assets.xcassets */ = {isa = PBXFileReference; lastKnownFileType = folder.assetcatalog; path = Assets.xcassets; sourceTree = "<group>"; };
		DA762CBF23A90A62004E25EF /* Preview Assets.xcassets */ = {isa = PBXFileReference; lastKnownFileType = folder.assetcatalog; path = "Preview Assets.xcassets"; sourceTree = "<group>"; };
		DA762CC423A90A62004E25EF /* Info.plist */ = {isa = PBXFileReference; lastKnownFileType = text.plist.xml; path = Info.plist; sourceTree = "<group>"; };
/* End PBXFileReference section */

/* Begin PBXFrameworksBuildPhase section */
		DA762CB023A90A5E004E25EF /* Frameworks */ = {
			isa = PBXFrameworksBuildPhase;
			buildActionMask = 2147483647;
			files = (
			);
			runOnlyForDeploymentPostprocessing = 0;
		};
/* End PBXFrameworksBuildPhase section */

/* Begin PBXGroup section */
		DA762CAA23A90A5E004E25EF = {
			isa = PBXGroup;
			children = (
				DA51533323AB8B3B000BBEC7 /* PathGraphic.swift */,
				DA51533123AB8A0E000BBEC7 /* MarchingAnts02.swift */,
				DA51532F23AB8905000BBEC7 /* MarchingAnts.swift */,
				DA51532D23AB8855000BBEC7 /* Jiggle.swift */,
				DA51532B23AB859F000BBEC7 /* AnimatedView.swift */,
				DA51532923AB84DD000BBEC7 /* TimerView.swift */,
				DA762CB523A90A5E004E25EF /* Chapter06 */,
				DA762CB423A90A5E004E25EF /* Products */,
			);
			sourceTree = "<group>";
		};
		DA762CB423A90A5E004E25EF /* Products */ = {
			isa = PBXGroup;
			children = (
				DA762CB323A90A5E004E25EF /* Chapter06.app */,
			);
			name = Products;
			sourceTree = "<group>";
		};
		DA762CB523A90A5E004E25EF /* Chapter06 */ = {
			isa = PBXGroup;
			children = (
				890F40E12B810FFE000ACE3E /* Chapter06App.swift */,
				DA762CBA23A90A5E004E25EF /* ContentView.swift */,
				DA762CBC23A90A62004E25EF /* Assets.xcassets */,
				DA762CC423A90A62004E25EF /* Info.plist */,
				DA762CBE23A90A62004E25EF /* Preview Content */,
			);
			path = Chapter06;
			sourceTree = "<group>";
		};
		DA762CBE23A90A62004E25EF /* Preview Content */ = {
			isa = PBXGroup;
			children = (
				DA762CBF23A90A62004E25EF /* Preview Assets.xcassets */,
			);
			path = "Preview Content";
			sourceTree = "<group>";
		};
/* End PBXGroup section */

/* Begin PBXNativeTarget section */
		DA762CB223A90A5E004E25EF /* Chapter06 */ = {
			isa = PBXNativeTarget;
			buildConfigurationList = DA762CC723A90A62004E25EF /* Build configuration list for PBXNativeTarget "Chapter06" */;
			buildPhases = (
				DA762CAF23A90A5E004E25EF /* Sources */,
				DA762CB023A90A5E004E25EF /* Frameworks */,
				DA762CB123A90A5E004E25EF /* Resources */,
			);
			buildRules = (
			);
			dependencies = (
			);
			name = Chapter06;
			productName = Chapter06;
			productReference = DA762CB323A90A5E004E25EF /* Chapter06.app */;
			productType = "com.apple.product-type.application";
		};
/* End PBXNativeTarget section */

/* Begin PBXProject section */
		DA762CAB23A90A5E004E25EF /* Project object */ = {
			isa = PBXProject;
			attributes = {
				BuildIndependentTargetsInParallel = YES;
				LastSwiftUpdateCheck = 1130;
				LastUpgradeCheck = 1520;
				ORGANIZATIONNAME = "Jayant Varma";
				TargetAttributes = {
					DA762CB223A90A5E004E25EF = {
						CreatedOnToolsVersion = 11.3;
					};
				};
			};
			buildConfigurationList = DA762CAE23A90A5E004E25EF /* Build configuration list for PBXProject "Chapter06" */;
			compatibilityVersion = "Xcode 9.3";
			developmentRegion = en;
			hasScannedForEncodings = 0;
			knownRegions = (
				en,
				Base,
			);
			mainGroup = DA762CAA23A90A5E004E25EF;
			productRefGroup = DA762CB423A90A5E004E25EF /* Products */;
			projectDirPath = "";
			projectRoot = "";
			targets = (
				DA762CB223A90A5E004E25EF /* Chapter06 */,
			);
		};
/* End PBXProject section */

/* Begin PBXResourcesBuildPhase section */
		DA762CB123A90A5E004E25EF /* Resources */ = {
			isa = PBXResourcesBuildPhase;
			buildActionMask = 2147483647;
			files = (
				DA762CC023A90A62004E25EF /* Preview Assets.xcassets in Resources */,
				DA762CBD23A90A62004E25EF /* Assets.xcassets in Resources */,
			);
			runOnlyForDeploymentPostprocessing = 0;
		};
/* End PBXResourcesBuildPhase section */

/* Begin PBXSourcesBuildPhase section */
		DA762CAF23A90A5E004E25EF /* Sources */ = {
			isa = PBXSourcesBuildPhase;
			buildActionMask = 2147483647;
			files = (
				DA51533223AB8A0E000BBEC7 /* MarchingAnts02.swift in Sources */,
				DA51533423AB8B3B000BBEC7 /* PathGraphic.swift in Sources */,
				DA51533023AB8905000BBEC7 /* MarchingAnts.swift in Sources */,
				890F40E22B810FFE000ACE3E /* Chapter06App.swift in Sources */,
				DA51532C23AB859F000BBEC7 /* AnimatedView.swift in Sources */,
				DA51532E23AB8855000BBEC7 /* Jiggle.swift in Sources */,
				DA51532A23AB84DD000BBEC7 /* TimerView.swift in Sources */,
				DA762CBB23A90A5E004E25EF /* ContentView.swift in Sources */,
			);
			runOnlyForDeploymentPostprocessing = 0;
		};
/* End PBXSourcesBuildPhase section */

/* Begin XCBuildConfiguration section */
		DA762CC523A90A62004E25EF /* Debug */ = {
			isa = XCBuildConfiguration;
			buildSettings = {
				ALWAYS_SEARCH_USER_PATHS = NO;
				CLANG_ANALYZER_NONNULL = YES;
				CLANG_ANALYZER_NUMBER_OBJECT_CONVERSION = YES_AGGRESSIVE;
				CLANG_CXX_LANGUAGE_STANDARD = "gnu++14";
				CLANG_CXX_LIBRARY = "libc++";
				CLANG_ENABLE_MODULES = YES;
				CLANG_ENABLE_OBJC_ARC = YES;
				CLANG_ENABLE_OBJC_WEAK = YES;
				CLANG_WARN_BLOCK_CAPTURE_AUTORELEASING = YES;
				CLANG_WARN_BOOL_CONVERSION = YES;
				CLANG_WARN_COMMA = YES;
				CLANG_WARN_CONSTANT_CONVERSION = YES;
				CLANG_WARN_DEPRECATED_OBJC_IMPLEMENTATIONS = YES;
				CLANG_WARN_DIRECT_OBJC_ISA_USAGE = YES_ERROR;
				CLANG_WARN_DOCUMENTATION_COMMENTS = YES;
				CLANG_WARN_EMPTY_BODY = YES;
				CLANG_WARN_ENUM_CONVERSION = YES;
				CLANG_WARN_INFINITE_RECURSION = YES;
				CLANG_WARN_INT_CONVERSION = YES;
				CLANG_WARN_NON_LITERAL_NULL_CONVERSION = YES;
				CLANG_WARN_OBJC_IMPLICIT_RETAIN_SELF = YES;
				CLANG_WARN_OBJC_LITERAL_CONVERSION = YES;
				CLANG_WARN_OBJC_ROOT_CLASS = YES_ERROR;
				CLANG_WARN_QUOTED_INCLUDE_IN_FRAMEWORK_HEADER = YES;
				CLANG_WARN_RANGE_LOOP_ANALYSIS = YES;
				CLANG_WARN_STRICT_PROTOTYPES = YES;
				CLANG_WARN_SUSPICIOUS_MOVE = YES;
				CLANG_WARN_UNGUARDED_AVAILABILITY = YES_AGGRESSIVE;
				CLANG_WARN_UNREACHABLE_CODE = YES;
				CLANG_WARN__DUPLICATE_METHOD_MATCH = YES;
				COPY_PHASE_STRIP = NO;
				DEBUG_INFORMATION_FORMAT = dwarf;
				ENABLE_STRICT_OBJC_MSGSEND = YES;
				ENABLE_TESTABILITY = YES;
				ENABLE_USER_SCRIPT_SANDBOXING = YES;
				GCC_C_LANGUAGE_STANDARD = gnu11;
				GCC_DYNAMIC_NO_PIC = NO;
				GCC_NO_COMMON_BLOCKS = YES;
				GCC_OPTIMIZATION_LEVEL = 0;
				GCC_PREPROCESSOR_DEFINITIONS = (
					"DEBUG=1",
					"$(inherited)",
				);
				GCC_WARN_64_TO_32_BIT_CONVERSION = YES;
				GCC_WARN_ABOUT_RETURN_TYPE = YES_ERROR;
				GCC_WARN_UNDECLARED_SELECTOR = YES;
				GCC_WARN_UNINITIALIZED_AUTOS = YES_AGGRESSIVE;
				GCC_WARN_UNUSED_FUNCTION = YES;
				GCC_WARN_UNUSED_VARIABLE = YES;
				IPHONEOS_DEPLOYMENT_TARGET = 13.2;
				MTL_ENABLE_DEBUG_INFO = INCLUDE_SOURCE;
				MTL_FAST_MATH = YES;
				ONLY_ACTIVE_ARCH = YES;
				SDKROOT = iphoneos;
				SWIFT_ACTIVE_COMPILATION_CONDITIONS = DEBUG;
				SWIFT_OPTIMIZATION_LEVEL = "-Onone";
			};
			name = Debug;
		};
		DA762CC623A90A62004E25EF /* Release */ = {
			isa = XCBuildConfiguration;
			buildSettings = {
				ALWAYS_SEARCH_USER_PATHS = NO;
				CLANG_ANALYZER_NONNULL = YES;
				CLANG_ANALYZER_NUMBER_OBJECT_CONVERSION = YES_AGGRESSIVE;
				CLANG_CXX_LANGUAGE_STANDARD = "gnu++14";
				CLANG_CXX_LIBRARY = "libc++";
				CLANG_ENABLE_MODULES = YES;
				CLANG_ENABLE_OBJC_ARC = YES;
				CLANG_ENABLE_OBJC_WEAK = YES;
				CLANG_WARN_BLOCK_CAPTURE_AUTORELEASING = YES;
				CLANG_WARN_BOOL_CONVERSION = YES;
				CLANG_WARN_COMMA = YES;
				CLANG_WARN_CONSTANT_CONVERSION = YES;
				CLANG_WARN_DEPRECATED_OBJC_IMPLEMENTATIONS = YES;
				CLANG_WARN_DIRECT_OBJC_ISA_USAGE = YES_ERROR;
				CLANG_WARN_DOCUMENTATION_COMMENTS = YES;
				CLANG_WARN_EMPTY_BODY = YES;
				CLANG_WARN_ENUM_CONVERSION = YES;
				CLANG_WARN_INFINITE_RECURSION = YES;
				CLANG_WARN_INT_CONVERSION = YES;
				CLANG_WARN_NON_LITERAL_NULL_CONVERSION = YES;
				CLANG_WARN_OBJC_IMPLICIT_RETAIN_SELF = YES;
				CLANG_WARN_OBJC_LITERAL_CONVERSION = YES;
				CLANG_WARN_OBJC_ROOT_CLASS = YES_ERROR;
				CLANG_WARN_QUOTED_INCLUDE_IN_FRAMEWORK_HEADER = YES;
				CLANG_WARN_RANGE_LOOP_ANALYSIS = YES;
				CLANG_WARN_STRICT_PROTOTYPES = YES;
				CLANG_WARN_SUSPICIOUS_MOVE = YES;
				CLANG_WARN_UNGUARDED_AVAILABILITY = YES_AGGRESSIVE;
				CLANG_WARN_UNREACHABLE_CODE = YES;
				CLANG_WARN__DUPLICATE_METHOD_MATCH = YES;
				COPY_PHASE_STRIP = NO;
				DEBUG_INFORMATION_FORMAT = "dwarf-with-dsym";
				ENABLE_NS_ASSERTIONS = NO;
				ENABLE_STRICT_OBJC_MSGSEND = YES;
				ENABLE_USER_SCRIPT_SANDBOXING = YES;
				GCC_C_LANGUAGE_STANDARD = gnu11;
				GCC_NO_COMMON_BLOCKS = YES;
				GCC_WARN_64_TO_32_BIT_CONVERSION = YES;
				GCC_WARN_ABOUT_RETURN_TYPE = YES_ERROR;
				GCC_WARN_UNDECLARED_SELECTOR = YES;
				GCC_WARN_UNINITIALIZED_AUTOS = YES_AGGRESSIVE;
				GCC_WARN_UNUSED_FUNCTION = YES;
				GCC_WARN_UNUSED_VARIABLE = YES;
				IPHONEOS_DEPLOYMENT_TARGET = 13.2;
				MTL_ENABLE_DEBUG_INFO = NO;
				MTL_FAST_MATH = YES;
				SDKROOT = iphoneos;
				SWIFT_COMPILATION_MODE = wholemodule;
				SWIFT_OPTIMIZATION_LEVEL = "-O";
				VALIDATE_PRODUCT = YES;
			};
			name = Release;
		};
		DA762CC823A90A62004E25EF /* Debug */ = {
			isa = XCBuildConfiguration;
			buildSettings = {
				ASSETCATALOG_COMPILER_APPICON_NAME = AppIcon;
				CODE_SIGN_STYLE = Automatic;
				DEVELOPMENT_ASSET_PATHS = "\"Chapter06/Preview Content\"";
				ENABLE_PREVIEWS = YES;
				INFOPLIST_FILE = Chapter06/Info.plist;
				IPHONEOS_DEPLOYMENT_TARGET = 17.0;
				LD_RUNPATH_SEARCH_PATHS = (
					"$(inherited)",
					"@executable_path/Frameworks",
				);
				PRODUCT_BUNDLE_IDENTIFIER = com.ozapps.Chapter06;
				PRODUCT_NAME = "$(TARGET_NAME)";
				SWIFT_VERSION = 5.0;
				TARGETED_DEVICE_FAMILY = "1,2";
			};
			name = Debug;
		};
		DA762CC923A90A62004E25EF /* Release */ = {
			isa = XCBuildConfiguration;
			buildSettings = {
				ASSETCATALOG_COMPILER_APPICON_NAME = AppIcon;
				CODE_SIGN_STYLE = Automatic;
				DEVELOPMENT_ASSET_PATHS = "\"Chapter06/Preview Content\"";
				ENABLE_PREVIEWS = YES;
				INFOPLIST_FILE = Chapter06/Info.plist;
				IPHONEOS_DEPLOYMENT_TARGET = 17.0;
				LD_RUNPATH_SEARCH_PATHS = (
					"$(inherited)",
					"@executable_path/Frameworks",
				);
				PRODUCT_BUNDLE_IDENTIFIER = com.ozapps.Chapter06;
				PRODUCT_NAME = "$(TARGET_NAME)";
				SWIFT_VERSION = 5.0;
				TARGETED_DEVICE_FAMILY = "1,2";
			};
			name = Release;
		};
/* End XCBuildConfiguration section */

/* Begin XCConfigurationList section */
		DA762CAE23A90A5E004E25EF /* Build configuration list for PBXProject "Chapter06" */ = {
			isa = XCConfigurationList;
			buildConfigurations = (
				DA762CC523A90A62004E25EF /* Debug */,
				DA762CC623A90A62004E25EF /* Release */,
			);
			defaultConfigurationIsVisible = 0;
			defaultConfigurationName = Release;
		};
		DA762CC723A90A62004E25EF /* Build configuration list for PBXNativeTarget "Chapter06" */ = {
			isa = XCConfigurationList;
			buildConfigurations = (
				DA762CC823A90A62004E25EF /* Debug */,
				DA762CC923A90A62004E25EF /* Release */,
			);
			defaultConfigurationIsVisible = 0;
			defaultConfigurationName = Release;
		};
/* End XCConfigurationList section */
	};
	rootObject = DA762CAB23A90A5E004E25EF /* Project object */;
}
