// !$*UTF8*$!
{
	archiveVersion = 1;
	classes = {
	};
	objectVersion = 50;
	objects = {

/* Begin PBXBuildFile section */
		DA89A01E23AB9FDD002A3F62 /* AppDelegate.swift in Sources */ = {isa = PBXBuildFile; fileRef = DA89A01D23AB9FDD002A3F62 /* AppDelegate.swift */; };
		DA89A02023AB9FDD002A3F62 /* SceneDelegate.swift in Sources */ = {isa = PBXBuildFile; fileRef = DA89A01F23AB9FDD002A3F62 /* SceneDelegate.swift */; };
		DA89A02223AB9FDD002A3F62 /* ViewController.swift in Sources */ = {isa = PBXBuildFile; fileRef = DA89A02123AB9FDD002A3F62 /* ViewController.swift */; };
		DA89A02523AB9FDD002A3F62 /* Main.storyboard in Resources */ = {isa = PBXBuildFile; fileRef = DA89A02323AB9FDD002A3F62 /* Main.storyboard */; };
		DA89A02723AB9FDF002A3F62 /* Assets.xcassets in Resources */ = {isa = PBXBuildFile; fileRef = DA89A02623AB9FDF002A3F62 /* Assets.xcassets */; };
		DA89A02A23AB9FDF002A3F62 /* LaunchScreen.storyboard in Resources */ = {isa = PBXBuildFile; fileRef = DA89A02823AB9FDF002A3F62 /* LaunchScreen.storyboard */; };
		DA89A03223ABA020002A3F62 /* CustomUIChild.swift in Sources */ = {isa = PBXBuildFile; fileRef = DA89A03123ABA020002A3F62 /* CustomUIChild.swift */; };
		DA89A03423ABA0D2002A3F62 /* MapView.swift in Sources */ = {isa = PBXBuildFile; fileRef = DA89A03323ABA0D2002A3F62 /* MapView.swift */; };
		DA89A03623ABA326002A3F62 /* UseMapView.swift in Sources */ = {isa = PBXBuildFile; fileRef = DA89A03523ABA326002A3F62 /* UseMapView.swift */; };
		DA89A03823ABA391002A3F62 /* MyMapView.swift in Sources */ = {isa = PBXBuildFile; fileRef = DA89A03723ABA391002A3F62 /* MyMapView.swift */; };
		DA89A03B23ABA475002A3F62 /* UseMyMapView.swift in Sources */ = {isa = PBXBuildFile; fileRef = DA89A03A23ABA475002A3F62 /* UseMyMapView.swift */; };
		DA89A03D23ABA529002A3F62 /* Balance.swift in Sources */ = {isa = PBXBuildFile; fileRef = DA89A03C23ABA529002A3F62 /* Balance.swift */; };
/* End PBXBuildFile section */

/* Begin PBXFileReference section */
		DA89A01A23AB9FDD002A3F62 /* Chapter09.app */ = {isa = PBXFileReference; explicitFileType = wrapper.application; includeInIndex = 0; path = Chapter09.app; sourceTree = BUILT_PRODUCTS_DIR; };
		DA89A01D23AB9FDD002A3F62 /* AppDelegate.swift */ = {isa = PBXFileReference; lastKnownFileType = sourcecode.swift; path = AppDelegate.swift; sourceTree = "<group>"; };
		DA89A01F23AB9FDD002A3F62 /* SceneDelegate.swift */ = {isa = PBXFileReference; lastKnownFileType = sourcecode.swift; path = SceneDelegate.swift; sourceTree = "<group>"; };
		DA89A02123AB9FDD002A3F62 /* ViewController.swift */ = {isa = PBXFileReference; lastKnownFileType = sourcecode.swift; path = ViewController.swift; sourceTree = "<group>"; };
		DA89A02423AB9FDD002A3F62 /* Base */ = {isa = PBXFileReference; lastKnownFileType = file.storyboard; name = Base; path = Base.lproj/Main.storyboard; sourceTree = "<group>"; };
		DA89A02623AB9FDF002A3F62 /* Assets.xcassets */ = {isa = PBXFileReference; lastKnownFileType = folder.assetcatalog; path = Assets.xcassets; sourceTree = "<group>"; };
		DA89A02923AB9FDF002A3F62 /* Base */ = {isa = PBXFileReference; lastKnownFileType = file.storyboard; name = Base; path = Base.lproj/LaunchScreen.storyboard; sourceTree = "<group>"; };
		DA89A02B23AB9FDF002A3F62 /* Info.plist */ = {isa = PBXFileReference; lastKnownFileType = text.plist.xml; path = Info.plist; sourceTree = "<group>"; };
		DA89A03123ABA020002A3F62 /* CustomUIChild.swift */ = {isa = PBXFileReference; fileEncoding = 4; lastKnownFileType = sourcecode.swift; path = CustomUIChild.swift; sourceTree = "<group>"; };
		DA89A03323ABA0D2002A3F62 /* MapView.swift */ = {isa = PBXFileReference; lastKnownFileType = sourcecode.swift; path = MapView.swift; sourceTree = "<group>"; };
		DA89A03523ABA326002A3F62 /* UseMapView.swift */ = {isa = PBXFileReference; lastKnownFileType = sourcecode.swift; path = UseMapView.swift; sourceTree = "<group>"; };
		DA89A03723ABA391002A3F62 /* MyMapView.swift */ = {isa = PBXFileReference; lastKnownFileType = sourcecode.swift; path = MyMapView.swift; sourceTree = "<group>"; };
		DA89A03A23ABA475002A3F62 /* UseMyMapView.swift */ = {isa = PBXFileReference; lastKnownFileType = sourcecode.swift; path = UseMyMapView.swift; sourceTree = "<group>"; };
		DA89A03C23ABA529002A3F62 /* Balance.swift */ = {isa = PBXFileReference; lastKnownFileType = sourcecode.swift; path = Balance.swift; sourceTree = "<group>"; };
/* End PBXFileReference section */

/* Begin PBXFrameworksBuildPhase section */
		DA89A01723AB9FDD002A3F62 /* Frameworks */ = {
			isa = PBXFrameworksBuildPhase;
			buildActionMask = 2147483647;
			files = (
			);
			runOnlyForDeploymentPostprocessing = 0;
		};
/* End PBXFrameworksBuildPhase section */

/* Begin PBXGroup section */
		DA89A01123AB9FDD002A3F62 = {
			isa = PBXGroup;
			children = (
				DA89A01C23AB9FDD002A3F62 /* Chapter09 */,
				DA89A01B23AB9FDD002A3F62 /* Products */,
			);
			sourceTree = "<group>";
		};
		DA89A01B23AB9FDD002A3F62 /* Products */ = {
			isa = PBXGroup;
			children = (
				DA89A01A23AB9FDD002A3F62 /* Chapter09.app */,
			);
			name = Products;
			sourceTree = "<group>";
		};
		DA89A01C23AB9FDD002A3F62 /* Chapter09 */ = {
			isa = PBXGroup;
			children = (
				DA89A03123ABA020002A3F62 /* CustomUIChild.swift */,
				DA89A01D23AB9FDD002A3F62 /* AppDelegate.swift */,
				DA89A01F23AB9FDD002A3F62 /* SceneDelegate.swift */,
				DA89A02123AB9FDD002A3F62 /* ViewController.swift */,
				DA89A02323AB9FDD002A3F62 /* Main.storyboard */,
				DA89A02623AB9FDF002A3F62 /* Assets.xcassets */,
				DA89A02823AB9FDF002A3F62 /* LaunchScreen.storyboard */,
				DA89A02B23AB9FDF002A3F62 /* Info.plist */,
				DA89A03323ABA0D2002A3F62 /* MapView.swift */,
				DA89A03523ABA326002A3F62 /* UseMapView.swift */,
				DA89A03723ABA391002A3F62 /* MyMapView.swift */,
				DA89A03A23ABA475002A3F62 /* UseMyMapView.swift */,
				DA89A03C23ABA529002A3F62 /* Balance.swift */,
			);
			path = Chapter09;
			sourceTree = "<group>";
		};
/* End PBXGroup section */

/* Begin PBXNativeTarget section */
		DA89A01923AB9FDD002A3F62 /* Chapter09 */ = {
			isa = PBXNativeTarget;
			buildConfigurationList = DA89A02E23AB9FDF002A3F62 /* Build configuration list for PBXNativeTarget "Chapter09" */;
			buildPhases = (
				DA89A01623AB9FDD002A3F62 /* Sources */,
				DA89A01723AB9FDD002A3F62 /* Frameworks */,
				DA89A01823AB9FDD002A3F62 /* Resources */,
			);
			buildRules = (
			);
			dependencies = (
			);
			name = Chapter09;
			productName = Chapter09;
			productReference = DA89A01A23AB9FDD002A3F62 /* Chapter09.app */;
			productType = "com.apple.product-type.application";
		};
/* End PBXNativeTarget section */

/* Begin PBXProject section */
		DA89A01223AB9FDD002A3F62 /* Project object */ = {
			isa = PBXProject;
			attributes = {
				LastSwiftUpdateCheck = 1130;
				LastUpgradeCheck = 1130;
				ORGANIZATIONNAME = "Jayant Varma";
				TargetAttributes = {
					DA89A01923AB9FDD002A3F62 = {
						CreatedOnToolsVersion = 11.3;
					};
				};
			};
			buildConfigurationList = DA89A01523AB9FDD002A3F62 /* Build configuration list for PBXProject "Chapter09" */;
			compatibilityVersion = "Xcode 9.3";
			developmentRegion = en;
			hasScannedForEncodings = 0;
			knownRegions = (
				en,
				Base,
			);
			mainGroup = DA89A01123AB9FDD002A3F62;
			productRefGroup = DA89A01B23AB9FDD002A3F62 /* Products */;
			projectDirPath = "";
			projectRoot = "";
			targets = (
				DA89A01923AB9FDD002A3F62 /* Chapter09 */,
			);
		};
/* End PBXProject section */

/* Begin PBXResourcesBuildPhase section */
		DA89A01823AB9FDD002A3F62 /* Resources */ = {
			isa = PBXResourcesBuildPhase;
			buildActionMask = 2147483647;
			files = (
				DA89A02A23AB9FDF002A3F62 /* LaunchScreen.storyboard in Resources */,
				DA89A02723AB9FDF002A3F62 /* Assets.xcassets in Resources */,
				DA89A02523AB9FDD002A3F62 /* Main.storyboard in Resources */,
			);
			runOnlyForDeploymentPostprocessing = 0;
		};
/* End PBXResourcesBuildPhase section */

/* Begin PBXSourcesBuildPhase section */
		DA89A01623AB9FDD002A3F62 /* Sources */ = {
			isa = PBXSourcesBuildPhase;
			buildActionMask = 2147483647;
			files = (
				DA89A02223AB9FDD002A3F62 /* ViewController.swift in Sources */,
				DA89A03B23ABA475002A3F62 /* UseMyMapView.swift in Sources */,
				DA89A01E23AB9FDD002A3F62 /* AppDelegate.swift in Sources */,
				DA89A03423ABA0D2002A3F62 /* MapView.swift in Sources */,
				DA89A03D23ABA529002A3F62 /* Balance.swift in Sources */,
				DA89A03623ABA326002A3F62 /* UseMapView.swift in Sources */,
				DA89A02023AB9FDD002A3F62 /* SceneDelegate.swift in Sources */,
				DA89A03223ABA020002A3F62 /* CustomUIChild.swift in Sources */,
				DA89A03823ABA391002A3F62 /* MyMapView.swift in Sources */,
			);
			runOnlyForDeploymentPostprocessing = 0;
		};
/* End PBXSourcesBuildPhase section */

/* Begin PBXVariantGroup section */
		DA89A02323AB9FDD002A3F62 /* Main.storyboard */ = {
			isa = PBXVariantGroup;
			children = (
				DA89A02423AB9FDD002A3F62 /* Base */,
			);
			name = Main.storyboard;
			sourceTree = "<group>";
		};
		DA89A02823AB9FDF002A3F62 /* LaunchScreen.storyboard */ = {
			isa = PBXVariantGroup;
			children = (
				DA89A02923AB9FDF002A3F62 /* Base */,
			);
			name = LaunchScreen.storyboard;
			sourceTree = "<group>";
		};
/* End PBXVariantGroup section */

/* Begin XCBuildConfiguration section */
		DA89A02C23AB9FDF002A3F62 /* Debug */ = {
			isa = XCBuildConfiguration;
			buildSettings = {
				ALWAYS_SEARCH_USER_PATHS = NO;
				CLANG_ANALYZER_NONNULL = YES;
				CLANG_ANALYZER_NUMBER_OBJECT_CONVERSION = YES_AGGRESSIVE;
				CLANG_CXX_LANGUAGE_STANDARD = "gnu++14";
				CLANG_CXX_LIBRARY = "libc++";
				CLANG_ENABLE_MODULES = YES;
				CLANG_ENABLE_OBJC_ARC = YES;
				CLANG_ENABLE_OBJC_WEAK = YES;
				CLANG_WARN_BLOCK_CAPTURE_AUTORELEASING = YES;
				CLANG_WARN_BOOL_CONVERSION = YES;
				CLANG_WARN_COMMA = YES;
				CLANG_WARN_CONSTANT_CONVERSION = YES;
				CLANG_WARN_DEPRECATED_OBJC_IMPLEMENTATIONS = YES;
				CLANG_WARN_DIRECT_OBJC_ISA_USAGE = YES_ERROR;
				CLANG_WARN_DOCUMENTATION_COMMENTS = YES;
				CLANG_WARN_EMPTY_BODY = YES;
				CLANG_WARN_ENUM_CONVERSION = YES;
				CLANG_WARN_INFINITE_RECURSION = YES;
				CLANG_WARN_INT_CONVERSION = YES;
				CLANG_WARN_NON_LITERAL_NULL_CONVERSION = YES;
				CLANG_WARN_OBJC_IMPLICIT_RETAIN_SELF = YES;
				CLANG_WARN_OBJC_LITERAL_CONVERSION = YES;
				CLANG_WARN_OBJC_ROOT_CLASS = YES_ERROR;
				CLANG_WARN_RANGE_LOOP_ANALYSIS = YES;
				CLANG_WARN_STRICT_PROTOTYPES = YES;
				CLANG_WARN_SUSPICIOUS_MOVE = YES;
				CLANG_WARN_UNGUARDED_AVAILABILITY = YES_AGGRESSIVE;
				CLANG_WARN_UNREACHABLE_CODE = YES;
				CLANG_WARN__DUPLICATE_METHOD_MATCH = YES;
				COPY_PHASE_STRIP = NO;
				DEBUG_INFORMATION_FORMAT = dwarf;
				ENABLE_STRICT_OBJC_MSGSEND = YES;
				ENABLE_TESTABILITY = YES;
				GCC_C_LANGUAGE_STANDARD = gnu11;
				GCC_DYNAMIC_NO_PIC = NO;
				GCC_NO_COMMON_BLOCKS = YES;
				GCC_OPTIMIZATION_LEVEL = 0;
				GCC_PREPROCESSOR_DEFINITIONS = (
					"DEBUG=1",
					"$(inherited)",
				);
				GCC_WARN_64_TO_32_BIT_CONVERSION = YES;
				GCC_WARN_ABOUT_RETURN_TYPE = YES_ERROR;
				GCC_WARN_UNDECLARED_SELECTOR = YES;
				GCC_WARN_UNINITIALIZED_AUTOS = YES_AGGRESSIVE;
				GCC_WARN_UNUSED_FUNCTION = YES;
				GCC_WARN_UNUSED_VARIABLE = YES;
				IPHONEOS_DEPLOYMENT_TARGET = 13.2;
				MTL_ENABLE_DEBUG_INFO = INCLUDE_SOURCE;
				MTL_FAST_MATH = YES;
				ONLY_ACTIVE_ARCH = YES;
				SDKROOT = iphoneos;
				SWIFT_ACTIVE_COMPILATION_CONDITIONS = DEBUG;
				SWIFT_OPTIMIZATION_LEVEL = "-Onone";
			};
			name = Debug;
		};
		DA89A02D23AB9FDF002A3F62 /* Release */ = {
			isa = XCBuildConfiguration;
			buildSettings = {
				ALWAYS_SEARCH_USER_PATHS = NO;
				CLANG_ANALYZER_NONNULL = YES;
				CLANG_ANALYZER_NUMBER_OBJECT_CONVERSION = YES_AGGRESSIVE;
				CLANG_CXX_LANGUAGE_STANDARD = "gnu++14";
				CLANG_CXX_LIBRARY = "libc++";
				CLANG_ENABLE_MODULES = YES;
				CLANG_ENABLE_OBJC_ARC = YES;
				CLANG_ENABLE_OBJC_WEAK = YES;
				CLANG_WARN_BLOCK_CAPTURE_AUTORELEASING = YES;
				CLANG_WARN_BOOL_CONVERSION = YES;
				CLANG_WARN_COMMA = YES;
				CLANG_WARN_CONSTANT_CONVERSION = YES;
				CLANG_WARN_DEPRECATED_OBJC_IMPLEMENTATIONS = YES;
				CLANG_WARN_DIRECT_OBJC_ISA_USAGE = YES_ERROR;
				CLANG_WARN_DOCUMENTATION_COMMENTS = YES;
				CLANG_WARN_EMPTY_BODY = YES;
				CLANG_WARN_ENUM_CONVERSION = YES;
				CLANG_WARN_INFINITE_RECURSION = YES;
				CLANG_WARN_INT_CONVERSION = YES;
				CLANG_WARN_NON_LITERAL_NULL_CONVERSION = YES;
				CLANG_WARN_OBJC_IMPLICIT_RETAIN_SELF = YES;
				CLANG_WARN_OBJC_LITERAL_CONVERSION = YES;
				CLANG_WARN_OBJC_ROOT_CLASS = YES_ERROR;
				CLANG_WARN_RANGE_LOOP_ANALYSIS = YES;
				CLANG_WARN_STRICT_PROTOTYPES = YES;
				CLANG_WARN_SUSPICIOUS_MOVE = YES;
				CLANG_WARN_UNGUARDED_AVAILABILITY = YES_AGGRESSIVE;
				CLANG_WARN_UNREACHABLE_CODE = YES;
				CLANG_WARN__DUPLICATE_METHOD_MATCH = YES;
				COPY_PHASE_STRIP = NO;
				DEBUG_INFORMATION_FORMAT = "dwarf-with-dsym";
				ENABLE_NS_ASSERTIONS = NO;
				ENABLE_STRICT_OBJC_MSGSEND = YES;
				GCC_C_LANGUAGE_STANDARD = gnu11;
				GCC_NO_COMMON_BLOCKS = YES;
				GCC_WARN_64_TO_32_BIT_CONVERSION = YES;
				GCC_WARN_ABOUT_RETURN_TYPE = YES_ERROR;
				GCC_WARN_UNDECLARED_SELECTOR = YES;
				GCC_WARN_UNINITIALIZED_AUTOS = YES_AGGRESSIVE;
				GCC_WARN_UNUSED_FUNCTION = YES;
				GCC_WARN_UNUSED_VARIABLE = YES;
				IPHONEOS_DEPLOYMENT_TARGET = 13.2;
				MTL_ENABLE_DEBUG_INFO = NO;
				MTL_FAST_MATH = YES;
				SDKROOT = iphoneos;
				SWIFT_COMPILATION_MODE = wholemodule;
				SWIFT_OPTIMIZATION_LEVEL = "-O";
				VALIDATE_PRODUCT = YES;
			};
			name = Release;
		};
		DA89A02F23AB9FDF002A3F62 /* Debug */ = {
			isa = XCBuildConfiguration;
			buildSettings = {
				ASSETCATALOG_COMPILER_APPICON_NAME = AppIcon;
				CODE_SIGN_STYLE = Automatic;
				INFOPLIST_FILE = Chapter09/Info.plist;
				LD_RUNPATH_SEARCH_PATHS = (
					"$(inherited)",
					"@executable_path/Frameworks",
				);
				PRODUCT_BUNDLE_IDENTIFIER = com.ozapps.Chapter09;
				PRODUCT_NAME = "$(TARGET_NAME)";
				SWIFT_VERSION = 5.0;
				TARGETED_DEVICE_FAMILY = "1,2";
			};
			name = Debug;
		};
		DA89A03023AB9FDF002A3F62 /* Release */ = {
			isa = XCBuildConfiguration;
			buildSettings = {
				ASSETCATALOG_COMPILER_APPICON_NAME = AppIcon;
				CODE_SIGN_STYLE = Automatic;
				INFOPLIST_FILE = Chapter09/Info.plist;
				LD_RUNPATH_SEARCH_PATHS = (
					"$(inherited)",
					"@executable_path/Frameworks",
				);
				PRODUCT_BUNDLE_IDENTIFIER = com.ozapps.Chapter09;
				PRODUCT_NAME = "$(TARGET_NAME)";
				SWIFT_VERSION = 5.0;
				TARGETED_DEVICE_FAMILY = "1,2";
			};
			name = Release;
		};
/* End XCBuildConfiguration section */

/* Begin XCConfigurationList section */
		DA89A01523AB9FDD002A3F62 /* Build configuration list for PBXProject "Chapter09" */ = {
			isa = XCConfigurationList;
			buildConfigurations = (
				DA89A02C23AB9FDF002A3F62 /* Debug */,
				DA89A02D23AB9FDF002A3F62 /* Release */,
			);
			defaultConfigurationIsVisible = 0;
			defaultConfigurationName = Release;
		};
		DA89A02E23AB9FDF002A3F62 /* Build configuration list for PBXNativeTarget "Chapter09" */ = {
			isa = XCConfigurationList;
			buildConfigurations = (
				DA89A02F23AB9FDF002A3F62 /* Debug */,
				DA89A03023AB9FDF002A3F62 /* Release */,
			);
			defaultConfigurationIsVisible = 0;
			defaultConfigurationName = Release;
		};
/* End XCConfigurationList section */
	};
	rootObject = DA89A01223AB9FDD002A3F62 /* Project object */;
}
